{
  "lockfileVersion": 1,
  "configVersion": 1,
  "workspaces": {
    "": {
      "name": "omp-config-agent-runtime",
      "dependencies": {
        "@linear/sdk": "82.1.0",
        "turndown": "7.2.4",
        "typebox": "1.2.16",
      },
    },
  },
  "packages": {
    "@graphql-typed-document-node/core": ["@graphql-typed-document-node/core@3.2.0", "", { "peerDependencies": { "graphql": "^0.8.0 || ^0.9.0 || ^0.10.0 || ^0.11.0 || ^0.12.0 || ^0.13.0 || ^14.0.0 || ^15.0.0 || ^16.0.0 || ^17.0.0" } }, "sha512-mB9oAsNCm9aM3/SOv4YtBMqZbYj10R7dkq8byBqxGY/ncFwhf2oQzMV+LCRlWoDSEBJ3COiR1yeDvMtsoOsuFQ=="],

    "@linear/sdk": ["@linear/sdk@82.1.0", "", { "dependencies": { "@graphql-typed-document-node/core": "^3.2.0" } }, "sha512-Ok7o+LqXaenx6Um58NQqjQoQanDsCgAIe9yNgpVbqRSh5APz3Ds1kZUz2vWmSNTNATFZm1zDQtEktTMga2X7UQ=="],

    "@mixmark-io/domino": ["@mixmark-io/domino@2.2.0", "", {}, "sha512-Y28PR25bHXUg88kCV7nivXrP2Nj2RueZ3/l/jdx6J9f8J4nsEGcgX0Qe6lt7Pa+J79+kPiJU3LguR6O/6zrLOw=="],

    "graphql": ["graphql@17.0.2", "", {}, "sha512-FRWbddMxfkjiB7z+aQDWIR+E34xo9I8c9mtK2RPv8PmMzKRvrdsreHL/Ui/TmwHJfhHChEtsFPyMHKI+xuarQQ=="],

    "turndown": ["turndown@7.2.4", "", { "dependencies": { "@mixmark-io/domino": "^2.2.0" } }, "sha512-I8yFsfRzmzK0WV1pNNOA4A7y4RDfFxPRxb3t+e3ui14qSGOxGtiSP6GjeX+Y6CHb7HYaFj7ECUD7VE5kQMZWGQ=="],

    "typebox": ["typebox@1.2.16", "", {}, "sha512-p85YWtR1RznP2kt/sftmj1leGiObfHVJwkK2hkDdEKhbtQONeUeBtbYdK0x9tLPh+5AaEPD62APv189Cy+/C2g=="],
  }
}
